
Microsoft Visual Studio Solution File, Format Version 12.00
# Visual Studio Version 16
VisualStudioVersion = 16.0.30804.86
MinimumVisualStudioVersion = 10.0.40219.1
Project("{FAE04EC0-301F-11D3-BF4B-00C04F79EFBC}") = "ConsoleApp5", "ConsoleApp5.csproj", "{1D942094-1F83-4B2F-B58F-F87D28418D87}"
EndProject
Global
	GlobalSection(SolutionConfigurationPlatforms) = preSolution
		Debug|Any CPU = Debug|Any CPU
		Release|Any CPU = Release|Any CPU
	EndGlobalSection
	GlobalSection(ProjectConfigurationPlatforms) = postSolution
		{1D942094-1F83-4B2F-B58F-F87D28418D87}.Debug|Any CPU.ActiveCfg = Debug|Any CPU
		{1D942094-1F83-4B2F-B58F-F87D28418D87}.Debug|Any CPU.Build.0 = Debug|Any CPU
		{1D942094-1F83-4B2F-B58F-F87D28418D87}.Release|Any CPU.ActiveCfg = Release|Any CPU
		{1D942094-1F83-4B2F-B58F-F87D28418D87}.Release|Any CPU.Build.0 = Release|Any CPU
	EndGlobalSection
	GlobalSection(SolutionProperties) = preSolution
		HideSolutionNode = FALSE
	EndGlobalSection
	GlobalSection(ExtensibilityGlobals) = postSolution
		SolutionGuid = {A10FB4E2-9391-4901-B1C5-ED48D069A073}
	EndGlobalSection
EndGlobal
